
Microsoft Visual Studio Solution File, Format Version 12.00
# Visual Studio Version 16
VisualStudioVersion = 16.0.31624.102
MinimumVisualStudioVersion = 10.0.40219.1
Project("{FAE04EC0-301F-11D3-BF4B-00C04F79EFBC}") = "DeviceStatus", "DeviceStatus\DeviceStatus.csproj", "{A0093A41-4AC2-4EC2-A1BD-B2FAA3D30C0C}"
EndProject
Global
	GlobalSection(SolutionConfigurationPlatforms) = preSolution
		Debug|Any CPU = Debug|Any CPU
		Release|Any CPU = Release|Any CPU
	EndGlobalSection
	GlobalSection(ProjectConfigurationPlatforms) = postSolution
		{A0093A41-4AC2-4EC2-A1BD-B2FAA3D30C0C}.Debug|Any CPU.ActiveCfg = Debug|Any CPU
		{A0093A41-4AC2-4EC2-A1BD-B2FAA3D30C0C}.Debug|Any CPU.Build.0 = Debug|Any CPU
		{A0093A41-4AC2-4EC2-A1BD-B2FAA3D30C0C}.Release|Any CPU.ActiveCfg = Release|Any CPU
		{A0093A41-4AC2-4EC2-A1BD-B2FAA3D30C0C}.Release|Any CPU.Build.0 = Release|Any CPU
	EndGlobalSection
	GlobalSection(SolutionProperties) = preSolution
		HideSolutionNode = FALSE
	EndGlobalSection
	GlobalSection(ExtensibilityGlobals) = postSolution
		SolutionGuid = {D53A23CC-CE96-40A7-9162-1490A9D8315A}
	EndGlobalSection
EndGlobal
